PODS:
  - EFIconFont/AntDesign (0.4.2):
    - EFIconFont/Core
  - EFIconFont/Complete (0.4.2):
    - EFIconFont/AntDesign
    - EFIconFont/Core
    - EFIconFont/ElusiveIcons
    - EFIconFont/FontAwesome
    - EFIconFont/Ionicons
    - EFIconFont/MaterialIcons
    - EFIconFont/Typicons
  - EFIconFont/Core (0.4.2)
  - EFIconFont/ElusiveIcons (0.4.2):
    - EFIconFont/Core
  - EFIconFont/FontAwesome (0.4.2):
    - EFIconFont/Core
  - EFIconFont/Ionicons (0.4.2):
    - EFIconFont/Core
  - EFIconFont/MaterialIcons (0.4.2):
    - EFIconFont/Core
  - EFIconFont/Typicons (0.4.2):
    - EFIconFont/Core

DEPENDENCIES:
  - EFIconFont/Complete (from `../`)

EXTERNAL SOURCES:
  EFIconFont:
    :path: "../"

SPEC CHECKSUMS:
  EFIconFont: ca5095d8cd424ad71d09c22b2ae3110e713083c7

PODFILE CHECKSUM: 377b34526d3e9857b28e9885a58c59c640f11ab8

COCOAPODS: 1.6.1
